
Microsoft Visual Studio Solution File, Format Version 12.00
# Visual Studio Version 17
VisualStudioVersion = 17.2.32602.215
MinimumVisualStudioVersion = 10.0.40219.1
Project("{FAE04EC0-301F-11D3-BF4B-00C04F79EFBC}") = "AutomationTestOrangeHRM", "AutomationTestOrangeHRM\AutomationTestOrangeHRM.csproj", "{FAA5D203-A611-4E1A-9571-0A27B7C024E8}"
EndProject
Global
	GlobalSection(SolutionConfigurationPlatforms) = preSolution
		Debug|Any CPU = Debug|Any CPU
		Release|Any CPU = Release|Any CPU
	EndGlobalSection
	GlobalSection(ProjectConfigurationPlatforms) = postSolution
		{FAA5D203-A611-4E1A-9571-0A27B7C024E8}.Debug|Any CPU.ActiveCfg = Debug|Any CPU
		{FAA5D203-A611-4E1A-9571-0A27B7C024E8}.Debug|Any CPU.Build.0 = Debug|Any CPU
		{FAA5D203-A611-4E1A-9571-0A27B7C024E8}.Release|Any CPU.ActiveCfg = Release|Any CPU
		{FAA5D203-A611-4E1A-9571-0A27B7C024E8}.Release|Any CPU.Build.0 = Release|Any CPU
	EndGlobalSection
	GlobalSection(SolutionProperties) = preSolution
		HideSolutionNode = FALSE
	EndGlobalSection
	GlobalSection(ExtensibilityGlobals) = postSolution
		SolutionGuid = {EB683381-F099-4B77-AEA3-0138B26EE687}
	EndGlobalSection
EndGlobal
